
Microsoft Visual Studio Solution File, Format Version 12.00
# Visual Studio 15
VisualStudioVersion = 15.0.28307.1000
MinimumVisualStudioVersion = 10.0.40219.1
Project("{FAE04EC0-301F-11D3-BF4B-00C04F79EFBC}") = "For12", "For12\For12.csproj", "{A690B63B-18C2-4679-A834-8E3F11D8704A}"
EndProject
Project("{FAE04EC0-301F-11D3-BF4B-00C04F79EFBC}") = "TestFor12", "TestFor12\TestFor12.csproj", "{43E4ED79-3A34-4525-AADC-C47D834D7E2B}"
EndProject
Global
	GlobalSection(SolutionConfigurationPlatforms) = preSolution
		Debug|Any CPU = Debug|Any CPU
		Release|Any CPU = Release|Any CPU
	EndGlobalSection
	GlobalSection(ProjectConfigurationPlatforms) = postSolution
		{A690B63B-18C2-4679-A834-8E3F11D8704A}.Debug|Any CPU.ActiveCfg = Debug|Any CPU
		{A690B63B-18C2-4679-A834-8E3F11D8704A}.Debug|Any CPU.Build.0 = Debug|Any CPU
		{A690B63B-18C2-4679-A834-8E3F11D8704A}.Release|Any CPU.ActiveCfg = Release|Any CPU
		{A690B63B-18C2-4679-A834-8E3F11D8704A}.Release|Any CPU.Build.0 = Release|Any CPU
		{43E4ED79-3A34-4525-AADC-C47D834D7E2B}.Debug|Any CPU.ActiveCfg = Debug|Any CPU
		{43E4ED79-3A34-4525-AADC-C47D834D7E2B}.Debug|Any CPU.Build.0 = Debug|Any CPU
		{43E4ED79-3A34-4525-AADC-C47D834D7E2B}.Release|Any CPU.ActiveCfg = Release|Any CPU
		{43E4ED79-3A34-4525-AADC-C47D834D7E2B}.Release|Any CPU.Build.0 = Release|Any CPU
	EndGlobalSection
	GlobalSection(SolutionProperties) = preSolution
		HideSolutionNode = FALSE
	EndGlobalSection
	GlobalSection(ExtensibilityGlobals) = postSolution
		SolutionGuid = {A6C4FBAC-16D5-415B-AF68-472499CCA8F2}
	EndGlobalSection
EndGlobal
